
Microsoft Visual Studio Solution File, Format Version 12.00
# Visual Studio Version 17
VisualStudioVersion = 17.5.002.0
MinimumVisualStudioVersion = 10.0.40219.1
Project("{2150E333-8FDC-42A3-9474-1A3956D46DE8}") = "csharp-prep", "csharp-prep", "{9BC41511-31CA-4DFA-AA69-24F9C58F6662}"
EndProject
Project("{9A19103F-16F7-4668-BE54-9A1E7A4F7556}") = "Prep1", "csharp-prep\Prep1\Prep1.csproj", "{5CBCA032-95FC-4133-85D9-CDB8B83A2B68}"
EndProject
Project("{9A19103F-16F7-4668-BE54-9A1E7A4F7556}") = "Prep2", "csharp-prep\Prep2\Prep2.csproj", "{51F3452C-6B85-46B3-8CC5-E711A1E43F0E}"
EndProject
Project("{9A19103F-16F7-4668-BE54-9A1E7A4F7556}") = "Prep3", "csharp-prep\Prep3\Prep3.csproj", "{1F2A57CB-AD49-4FAE-95BC-B73F1716806D}"
EndProject
Project("{9A19103F-16F7-4668-BE54-9A1E7A4F7556}") = "Prep4", "csharp-prep\Prep4\Prep4.csproj", "{559C93FC-CE02-44EA-B33E-72DB7D9F340C}"
EndProject
Project("{9A19103F-16F7-4668-BE54-9A1E7A4F7556}") = "Prep5", "csharp-prep\Prep5\Prep5.csproj", "{C2D2026E-F6FA-41AF-9681-B0C28C89E703}"
EndProject
Project("{2150E333-8FDC-42A3-9474-1A3956D46DE8}") = "final", "final", "{C541080C-BBC4-4F0F-A9E6-2B2B0E7A04C9}"
EndProject
Project("{9A19103F-16F7-4668-BE54-9A1E7A4F7556}") = "FinalProject", "final\FinalProject\FinalProject.csproj", "{3100C0B2-7B1B-47EC-8738-150E158D1D06}"
EndProject
Project("{9A19103F-16F7-4668-BE54-9A1E7A4F7556}") = "Foundation1", "final\Foundation1\Foundation1.csproj", "{95155A8E-772D-468F-B6F0-AD3F26D5E4F3}"
EndProject
Project("{9A19103F-16F7-4668-BE54-9A1E7A4F7556}") = "Foundation2", "final\Foundation2\Foundation2.csproj", "{B24F9071-F198-4749-BBFC-B165D5B8797F}"
EndProject
Project("{9A19103F-16F7-4668-BE54-9A1E7A4F7556}") = "Foundation3", "final\Foundation3\Foundation3.csproj", "{83F83BB6-7C12-425D-847F-DCFB52C531E1}"
EndProject
Project("{9A19103F-16F7-4668-BE54-9A1E7A4F7556}") = "Foundation4", "final\Foundation4\Foundation4.csproj", "{4DB69971-EC7E-4797-815D-DE8B0ABB7F4C}"
EndProject
Project("{2150E333-8FDC-42A3-9474-1A3956D46DE8}") = "prepare", "prepare", "{DD06517C-1DC6-4F7C-AA0F-7B5DAA5CAE91}"
EndProject
Project("{9A19103F-16F7-4668-BE54-9A1E7A4F7556}") = "Learning02", "prepare\Learning02\Learning02.csproj", "{9667C565-0135-4B71-B84A-98F912870DD0}"
EndProject
Project("{9A19103F-16F7-4668-BE54-9A1E7A4F7556}") = "Learning03", "prepare\Learning03\Learning03.csproj", "{4AB77372-B050-449F-97CE-A4DC1D6CF950}"
EndProject
Project("{9A19103F-16F7-4668-BE54-9A1E7A4F7556}") = "Learning04", "prepare\Learning04\Learning04.csproj", "{531F260B-2271-4163-8948-A3861009D3E6}"
EndProject
Project("{9A19103F-16F7-4668-BE54-9A1E7A4F7556}") = "Learning05", "prepare\Learning05\Learning05.csproj", "{B1BFCC2A-C19C-496A-9F40-8618B3A81834}"
EndProject
Project("{2150E333-8FDC-42A3-9474-1A3956D46DE8}") = "prove", "prove", "{5EEC1B36-ABF6-4D1C-AE64-B139094AF3C3}"
EndProject
Project("{9A19103F-16F7-4668-BE54-9A1E7A4F7556}") = "Develop02", "prove\Develop02\Develop02.csproj", "{6C66C5A2-F350-4154-A094-05490992DCCE}"
EndProject
Project("{9A19103F-16F7-4668-BE54-9A1E7A4F7556}") = "Develop03", "prove\Develop03\Develop03.csproj", "{0A883077-2094-422E-AF0E-7C1E549D7F85}"
EndProject
Project("{9A19103F-16F7-4668-BE54-9A1E7A4F7556}") = "Develop04", "prove\Develop04\Develop04.csproj", "{3D81AAA2-D049-45CA-8DF4-29135851C6C1}"
EndProject
Project("{9A19103F-16F7-4668-BE54-9A1E7A4F7556}") = "Develop05", "prove\Develop05\Develop05.csproj", "{B73FB4A3-D6B7-4450-8EC3-0629966A5048}"
EndProject
Project("{2150E333-8FDC-42A3-9474-1A3956D46DE8}") = "sandbox", "sandbox", "{73F1CA08-01D4-40EE-8848-7D3B00E9373A}"
EndProject
Project("{9A19103F-16F7-4668-BE54-9A1E7A4F7556}") = "Sandbox", "sandbox\Sandbox\Sandbox.csproj", "{F18DEA5C-432B-4FF8-BF39-3999C14A3B22}"
EndProject
Global
	GlobalSection(SolutionConfigurationPlatforms) = preSolution
		Debug|Any CPU = Debug|Any CPU
		Release|Any CPU = Release|Any CPU
	EndGlobalSection
	GlobalSection(ProjectConfigurationPlatforms) = postSolution
		{5CBCA032-95FC-4133-85D9-CDB8B83A2B68}.Debug|Any CPU.ActiveCfg = Debug|Any CPU
		{5CBCA032-95FC-4133-85D9-CDB8B83A2B68}.Debug|Any CPU.Build.0 = Debug|Any CPU
		{5CBCA032-95FC-4133-85D9-CDB8B83A2B68}.Release|Any CPU.ActiveCfg = Release|Any CPU
		{5CBCA032-95FC-4133-85D9-CDB8B83A2B68}.Release|Any CPU.Build.0 = Release|Any CPU
		{51F3452C-6B85-46B3-8CC5-E711A1E43F0E}.Debug|Any CPU.ActiveCfg = Debug|Any CPU
		{51F3452C-6B85-46B3-8CC5-E711A1E43F0E}.Debug|Any CPU.Build.0 = Debug|Any CPU
		{51F3452C-6B85-46B3-8CC5-E711A1E43F0E}.Release|Any CPU.ActiveCfg = Release|Any CPU
		{51F3452C-6B85-46B3-8CC5-E711A1E43F0E}.Release|Any CPU.Build.0 = Release|Any CPU
		{1F2A57CB-AD49-4FAE-95BC-B73F1716806D}.Debug|Any CPU.ActiveCfg = Debug|Any CPU
		{1F2A57CB-AD49-4FAE-95BC-B73F1716806D}.Debug|Any CPU.Build.0 = Debug|Any CPU
		{1F2A57CB-AD49-4FAE-95BC-B73F1716806D}.Release|Any CPU.ActiveCfg = Release|Any CPU
		{1F2A57CB-AD49-4FAE-95BC-B73F1716806D}.Release|Any CPU.Build.0 = Release|Any CPU
		{559C93FC-CE02-44EA-B33E-72DB7D9F340C}.Debug|Any CPU.ActiveCfg = Debug|Any CPU
		{559C93FC-CE02-44EA-B33E-72DB7D9F340C}.Debug|Any CPU.Build.0 = Debug|Any CPU
		{559C93FC-CE02-44EA-B33E-72DB7D9F340C}.Release|Any CPU.ActiveCfg = Release|Any CPU
		{559C93FC-CE02-44EA-B33E-72DB7D9F340C}.Release|Any CPU.Build.0 = Release|Any CPU
		{C2D2026E-F6FA-41AF-9681-B0C28C89E703}.Debug|Any CPU.ActiveCfg = Debug|Any CPU
		{C2D2026E-F6FA-41AF-9681-B0C28C89E703}.Debug|Any CPU.Build.0 = Debug|Any CPU
		{C2D2026E-F6FA-41AF-9681-B0C28C89E703}.Release|Any CPU.ActiveCfg = Release|Any CPU
		{C2D2026E-F6FA-41AF-9681-B0C28C89E703}.Release|Any CPU.Build.0 = Release|Any CPU
		{3100C0B2-7B1B-47EC-8738-150E158D1D06}.Debug|Any CPU.ActiveCfg = Debug|Any CPU
		{3100C0B2-7B1B-47EC-8738-150E158D1D06}.Debug|Any CPU.Build.0 = Debug|Any CPU
		{3100C0B2-7B1B-47EC-8738-150E158D1D06}.Release|Any CPU.ActiveCfg = Release|Any CPU
		{3100C0B2-7B1B-47EC-8738-150E158D1D06}.Release|Any CPU.Build.0 = Release|Any CPU
		{95155A8E-772D-468F-B6F0-AD3F26D5E4F3}.Debug|Any CPU.ActiveCfg = Debug|Any CPU
		{95155A8E-772D-468F-B6F0-AD3F26D5E4F3}.Debug|Any CPU.Build.0 = Debug|Any CPU
		{95155A8E-772D-468F-B6F0-AD3F26D5E4F3}.Release|Any CPU.ActiveCfg = Release|Any CPU
		{95155A8E-772D-468F-B6F0-AD3F26D5E4F3}.Release|Any CPU.Build.0 = Release|Any CPU
		{B24F9071-F198-4749-BBFC-B165D5B8797F}.Debug|Any CPU.ActiveCfg = Debug|Any CPU
		{B24F9071-F198-4749-BBFC-B165D5B8797F}.Debug|Any CPU.Build.0 = Debug|Any CPU
		{B24F9071-F198-4749-BBFC-B165D5B8797F}.Release|Any CPU.ActiveCfg = Release|Any CPU
		{B24F9071-F198-4749-BBFC-B165D5B8797F}.Release|Any CPU.Build.0 = Release|Any CPU
		{83F83BB6-7C12-425D-847F-DCFB52C531E1}.Debug|Any CPU.ActiveCfg = Debug|Any CPU
		{83F83BB6-7C12-425D-847F-DCFB52C531E1}.Debug|Any CPU.Build.0 = Debug|Any CPU
		{83F83BB6-7C12-425D-847F-DCFB52C531E1}.Release|Any CPU.ActiveCfg = Release|Any CPU
		{83F83BB6-7C12-425D-847F-DCFB52C531E1}.Release|Any CPU.Build.0 = Release|Any CPU
		{4DB69971-EC7E-4797-815D-DE8B0ABB7F4C}.Debug|Any CPU.ActiveCfg = Debug|Any CPU
		{4DB69971-EC7E-4797-815D-DE8B0ABB7F4C}.Debug|Any CPU.Build.0 = Debug|Any CPU
		{4DB69971-EC7E-4797-815D-DE8B0ABB7F4C}.Release|Any CPU.ActiveCfg = Release|Any CPU
		{4DB69971-EC7E-4797-815D-DE8B0ABB7F4C}.Release|Any CPU.Build.0 = Release|Any CPU
		{9667C565-0135-4B71-B84A-98F912870DD0}.Debug|Any CPU.ActiveCfg = Debug|Any CPU
		{9667C565-0135-4B71-B84A-98F912870DD0}.Debug|Any CPU.Build.0 = Debug|Any CPU
		{9667C565-0135-4B71-B84A-98F912870DD0}.Release|Any CPU.ActiveCfg = Release|Any CPU
		{9667C565-0135-4B71-B84A-98F912870DD0}.Release|Any CPU.Build.0 = Release|Any CPU
		{4AB77372-B050-449F-97CE-A4DC1D6CF950}.Debug|Any CPU.ActiveCfg = Debug|Any CPU
		{4AB77372-B050-449F-97CE-A4DC1D6CF950}.Debug|Any CPU.Build.0 = Debug|Any CPU
		{4AB77372-B050-449F-97CE-A4DC1D6CF950}.Release|Any CPU.ActiveCfg = Release|Any CPU
		{4AB77372-B050-449F-97CE-A4DC1D6CF950}.Release|Any CPU.Build.0 = Release|Any CPU
		{531F260B-2271-4163-8948-A3861009D3E6}.Debug|Any CPU.ActiveCfg = Debug|Any CPU
		{531F260B-2271-4163-8948-A3861009D3E6}.Debug|Any CPU.Build.0 = Debug|Any CPU
		{531F260B-2271-4163-8948-A3861009D3E6}.Release|Any CPU.ActiveCfg = Release|Any CPU
		{531F260B-2271-4163-8948-A3861009D3E6}.Release|Any CPU.Build.0 = Release|Any CPU
		{B1BFCC2A-C19C-496A-9F40-8618B3A81834}.Debug|Any CPU.ActiveCfg = Debug|Any CPU
		{B1BFCC2A-C19C-496A-9F40-8618B3A81834}.Debug|Any CPU.Build.0 = Debug|Any CPU
		{B1BFCC2A-C19C-496A-9F40-8618B3A81834}.Release|Any CPU.ActiveCfg = Release|Any CPU
		{B1BFCC2A-C19C-496A-9F40-8618B3A81834}.Release|Any CPU.Build.0 = Release|Any CPU
		{6C66C5A2-F350-4154-A094-05490992DCCE}.Debug|Any CPU.ActiveCfg = Debug|Any CPU
		{6C66C5A2-F350-4154-A094-05490992DCCE}.Debug|Any CPU.Build.0 = Debug|Any CPU
		{6C66C5A2-F350-4154-A094-05490992DCCE}.Release|Any CPU.ActiveCfg = Release|Any CPU
		{6C66C5A2-F350-4154-A094-05490992DCCE}.Release|Any CPU.Build.0 = Release|Any CPU
		{0A883077-2094-422E-AF0E-7C1E549D7F85}.Debug|Any CPU.ActiveCfg = Debug|Any CPU
		{0A883077-2094-422E-AF0E-7C1E549D7F85}.Debug|Any CPU.Build.0 = Debug|Any CPU
		{0A883077-2094-422E-AF0E-7C1E549D7F85}.Release|Any CPU.ActiveCfg = Release|Any CPU
		{0A883077-2094-422E-AF0E-7C1E549D7F85}.Release|Any CPU.Build.0 = Release|Any CPU
		{3D81AAA2-D049-45CA-8DF4-29135851C6C1}.Debug|Any CPU.ActiveCfg = Debug|Any CPU
		{3D81AAA2-D049-45CA-8DF4-29135851C6C1}.Debug|Any CPU.Build.0 = Debug|Any CPU
		{3D81AAA2-D049-45CA-8DF4-29135851C6C1}.Release|Any CPU.ActiveCfg = Release|Any CPU
		{3D81AAA2-D049-45CA-8DF4-29135851C6C1}.Release|Any CPU.Build.0 = Release|Any CPU
		{B73FB4A3-D6B7-4450-8EC3-0629966A5048}.Debug|Any CPU.ActiveCfg = Debug|Any CPU
		{B73FB4A3-D6B7-4450-8EC3-0629966A5048}.Debug|Any CPU.Build.0 = Debug|Any CPU
		{B73FB4A3-D6B7-4450-8EC3-0629966A5048}.Release|Any CPU.ActiveCfg = Release|Any CPU
		{B73FB4A3-D6B7-4450-8EC3-0629966A5048}.Release|Any CPU.Build.0 = Release|Any CPU
		{F18DEA5C-432B-4FF8-BF39-3999C14A3B22}.Debug|Any CPU.ActiveCfg = Debug|Any CPU
		{F18DEA5C-432B-4FF8-BF39-3999C14A3B22}.Debug|Any CPU.Build.0 = Debug|Any CPU
		{F18DEA5C-432B-4FF8-BF39-3999C14A3B22}.Release|Any CPU.ActiveCfg = Release|Any CPU
		{F18DEA5C-432B-4FF8-BF39-3999C14A3B22}.Release|Any CPU.Build.0 = Release|Any CPU
	EndGlobalSection
	GlobalSection(SolutionProperties) = preSolution
		HideSolutionNode = FALSE
	EndGlobalSection
	GlobalSection(NestedProjects) = preSolution
		{5CBCA032-95FC-4133-85D9-CDB8B83A2B68} = {9BC41511-31CA-4DFA-AA69-24F9C58F6662}
		{51F3452C-6B85-46B3-8CC5-E711A1E43F0E} = {9BC41511-31CA-4DFA-AA69-24F9C58F6662}
		{1F2A57CB-AD49-4FAE-95BC-B73F1716806D} = {9BC41511-31CA-4DFA-AA69-24F9C58F6662}
		{559C93FC-CE02-44EA-B33E-72DB7D9F340C} = {9BC41511-31CA-4DFA-AA69-24F9C58F6662}
		{C2D2026E-F6FA-41AF-9681-B0C28C89E703} = {9BC41511-31CA-4DFA-AA69-24F9C58F6662}
		{3100C0B2-7B1B-47EC-8738-150E158D1D06} = {C541080C-BBC4-4F0F-A9E6-2B2B0E7A04C9}
		{95155A8E-772D-468F-B6F0-AD3F26D5E4F3} = {C541080C-BBC4-4F0F-A9E6-2B2B0E7A04C9}
		{B24F9071-F198-4749-BBFC-B165D5B8797F} = {C541080C-BBC4-4F0F-A9E6-2B2B0E7A04C9}
		{83F83BB6-7C12-425D-847F-DCFB52C531E1} = {C541080C-BBC4-4F0F-A9E6-2B2B0E7A04C9}
		{4DB69971-EC7E-4797-815D-DE8B0ABB7F4C} = {C541080C-BBC4-4F0F-A9E6-2B2B0E7A04C9}
		{9667C565-0135-4B71-B84A-98F912870DD0} = {DD06517C-1DC6-4F7C-AA0F-7B5DAA5CAE91}
		{4AB77372-B050-449F-97CE-A4DC1D6CF950} = {DD06517C-1DC6-4F7C-AA0F-7B5DAA5CAE91}
		{531F260B-2271-4163-8948-A3861009D3E6} = {DD06517C-1DC6-4F7C-AA0F-7B5DAA5CAE91}
		{B1BFCC2A-C19C-496A-9F40-8618B3A81834} = {DD06517C-1DC6-4F7C-AA0F-7B5DAA5CAE91}
		{6C66C5A2-F350-4154-A094-05490992DCCE} = {5EEC1B36-ABF6-4D1C-AE64-B139094AF3C3}
		{0A883077-2094-422E-AF0E-7C1E549D7F85} = {5EEC1B36-ABF6-4D1C-AE64-B139094AF3C3}
		{3D81AAA2-D049-45CA-8DF4-29135851C6C1} = {5EEC1B36-ABF6-4D1C-AE64-B139094AF3C3}
		{B73FB4A3-D6B7-4450-8EC3-0629966A5048} = {5EEC1B36-ABF6-4D1C-AE64-B139094AF3C3}
		{F18DEA5C-432B-4FF8-BF39-3999C14A3B22} = {73F1CA08-01D4-40EE-8848-7D3B00E9373A}
	EndGlobalSection
	GlobalSection(ExtensibilityGlobals) = postSolution
		SolutionGuid = {DBD131B7-32FA-4678-A882-9EF8F6A67B38}
	EndGlobalSection
EndGlobal
